Microsoft Visual Studio Solution File, Format Version 12.00
# Visual Studio Version 17
VisualStudioVersion = 17.5.2.0
MinimumVisualStudioVersion = 10.0.40219.1
Project("{2150E333-8FDC-42A3-9474-1A3956D46DE8}") = "hafta8", "hafta8", "{D53BC51D-A989-CF69-01EA-5E844F54E956}"
EndProject
Project("{FAE04EC0-301F-11D3-BF4B-00C04F79EFBC}") = "AzureOdev", "hafta8\AzureOdev\AzureOdev.csproj", "{8BE76009-43E1-7723-C61B-937C6433F1E8}"
EndProject
Global
	GlobalSection(SolutionConfigurationPlatforms) = preSolution
		Debug|Any CPU = Debug|Any CPU
		Release|Any CPU = Release|Any CPU
	EndGlobalSection
	GlobalSection(ProjectConfigurationPlatforms) = postSolution
		{8BE76009-43E1-7723-C61B-937C6433F1E8}.Debug|Any CPU.ActiveCfg = Debug|Any CPU
		{8BE76009-43E1-7723-C61B-937C6433F1E8}.Debug|Any CPU.Build.0 = Debug|Any CPU
		{8BE76009-43E1-7723-C61B-937C6433F1E8}.Release|Any CPU.ActiveCfg = Release|Any CPU
		{8BE76009-43E1-7723-C61B-937C6433F1E8}.Release|Any CPU.Build.0 = Release|Any CPU
	EndGlobalSection
	GlobalSection(SolutionProperties) = preSolution
		HideSolutionNode = FALSE
	EndGlobalSection
	GlobalSection(NestedProjects) = preSolution
		{8BE76009-43E1-7723-C61B-937C6433F1E8} = {D53BC51D-A989-CF69-01EA-5E844F54E956}
	EndGlobalSection
	GlobalSection(ExtensibilityGlobals) = postSolution
		SolutionGuid = {C7BE9611-8380-4042-A72B-EE40A4CF61B7}
	EndGlobalSection
EndGlobal
